
Microsoft Visual Studio Solution File, Format Version 12.00
# Visual Studio 2013
VisualStudioVersion = 12.0.30110.0
MinimumVisualStudioVersion = 10.0.40219.1
Project("{FAE04EC0-301F-11D3-BF4B-00C04F79EFBC}") = "Azmyth", "Azmyth\Azmyth.csproj", "{97FA754D-E522-4288-B313-1A982939EEEA}"
EndProject
Project("{FAE04EC0-301F-11D3-BF4B-00C04F79EFBC}") = "Azmyth.Editor", "Azmyth.Editor\Azmyth.Editor.csproj", "{8D4A9DB6-092E-4068-AB32-F715A1E13CDE}"
EndProject
Project("{FAE04EC0-301F-11D3-BF4B-00C04F79EFBC}") = "Azmyth.Game", "Azmyth.Game\Azmyth.Game.csproj", "{3A7174F3-137B-4DD8-B9B3-34C9835314BF}"
EndProject
Project("{FAE04EC0-301F-11D3-BF4B-00C04F79EFBC}") = "Azmyth.XNA", "Azmyth.XNA\Azmyth.XNA\Azmyth.XNA.csproj", "{11E4F401-311B-48DD-BE84-390F9D25BA64}"
EndProject
Project("{FAE04EC0-301F-11D3-BF4B-00C04F79EFBC}") = "Azmyth.XNAContent", "Azmyth.XNA\Azmyth.XNAContent\Azmyth.XNAContent.contentproj", "{CA45188F-3174-43D7-AE17-43A7EB01D4B2}"
EndProject
Global
	GlobalSection(SolutionConfigurationPlatforms) = preSolution
		Debug|Any CPU = Debug|Any CPU
		Debug|Mixed Platforms = Debug|Mixed Platforms
		Debug|x64 = Debug|x64
		Debug|x86 = Debug|x86
		Release x64|Any CPU = Release x64|Any CPU
		Release x64|Mixed Platforms = Release x64|Mixed Platforms
		Release x64|x64 = Release x64|x64
		Release x64|x86 = Release x64|x86
		Release|Any CPU = Release|Any CPU
		Release|Mixed Platforms = Release|Mixed Platforms
		Release|x64 = Release|x64
		Release|x86 = Release|x86
	EndGlobalSection
	GlobalSection(ProjectConfigurationPlatforms) = postSolution
		{97FA754D-E522-4288-B313-1A982939EEEA}.Debug|Any CPU.ActiveCfg = Debug|Any CPU
		{97FA754D-E522-4288-B313-1A982939EEEA}.Debug|Any CPU.Build.0 = Debug|Any CPU
		{97FA754D-E522-4288-B313-1A982939EEEA}.Debug|Mixed Platforms.ActiveCfg = Debug|Any CPU
		{97FA754D-E522-4288-B313-1A982939EEEA}.Debug|Mixed Platforms.Build.0 = Debug|Any CPU
		{97FA754D-E522-4288-B313-1A982939EEEA}.Debug|x64.ActiveCfg = Debug|Any CPU
		{97FA754D-E522-4288-B313-1A982939EEEA}.Debug|x64.Build.0 = Debug|Any CPU
		{97FA754D-E522-4288-B313-1A982939EEEA}.Debug|x86.ActiveCfg = Debug|Any CPU
		{97FA754D-E522-4288-B313-1A982939EEEA}.Debug|x86.Build.0 = Debug|Any CPU
		{97FA754D-E522-4288-B313-1A982939EEEA}.Release x64|Any CPU.ActiveCfg = Release x64|Any CPU
		{97FA754D-E522-4288-B313-1A982939EEEA}.Release x64|Any CPU.Build.0 = Release x64|Any CPU
		{97FA754D-E522-4288-B313-1A982939EEEA}.Release x64|Mixed Platforms.ActiveCfg = Release x64|Any CPU
		{97FA754D-E522-4288-B313-1A982939EEEA}.Release x64|Mixed Platforms.Build.0 = Release x64|Any CPU
		{97FA754D-E522-4288-B313-1A982939EEEA}.Release x64|x64.ActiveCfg = Release x64|x64
		{97FA754D-E522-4288-B313-1A982939EEEA}.Release x64|x64.Build.0 = Release x64|x64
		{97FA754D-E522-4288-B313-1A982939EEEA}.Release x64|x86.ActiveCfg = Release x64|Any CPU
		{97FA754D-E522-4288-B313-1A982939EEEA}.Release|Any CPU.ActiveCfg = Release|Any CPU
		{97FA754D-E522-4288-B313-1A982939EEEA}.Release|Any CPU.Build.0 = Release|Any CPU
		{97FA754D-E522-4288-B313-1A982939EEEA}.Release|Mixed Platforms.ActiveCfg = Release|Any CPU
		{97FA754D-E522-4288-B313-1A982939EEEA}.Release|Mixed Platforms.Build.0 = Release|Any CPU
		{97FA754D-E522-4288-B313-1A982939EEEA}.Release|x64.ActiveCfg = Release|Any CPU
		{97FA754D-E522-4288-B313-1A982939EEEA}.Release|x64.Build.0 = Release|Any CPU
		{97FA754D-E522-4288-B313-1A982939EEEA}.Release|x86.ActiveCfg = Release|Any CPU
		{97FA754D-E522-4288-B313-1A982939EEEA}.Release|x86.Build.0 = Release|Any CPU
		{8D4A9DB6-092E-4068-AB32-F715A1E13CDE}.Debug|Any CPU.ActiveCfg = Debug|Any CPU
		{8D4A9DB6-092E-4068-AB32-F715A1E13CDE}.Debug|Any CPU.Build.0 = Debug|Any CPU
		{8D4A9DB6-092E-4068-AB32-F715A1E13CDE}.Debug|Mixed Platforms.ActiveCfg = Debug|Any CPU
		{8D4A9DB6-092E-4068-AB32-F715A1E13CDE}.Debug|Mixed Platforms.Build.0 = Debug|Any CPU
		{8D4A9DB6-092E-4068-AB32-F715A1E13CDE}.Debug|x64.ActiveCfg = Debug|Any CPU
		{8D4A9DB6-092E-4068-AB32-F715A1E13CDE}.Debug|x64.Build.0 = Debug|Any CPU
		{8D4A9DB6-092E-4068-AB32-F715A1E13CDE}.Debug|x86.ActiveCfg = Debug|Any CPU
		{8D4A9DB6-092E-4068-AB32-F715A1E13CDE}.Debug|x86.Build.0 = Debug|Any CPU
		{8D4A9DB6-092E-4068-AB32-F715A1E13CDE}.Release x64|Any CPU.ActiveCfg = Release x64|Any CPU
		{8D4A9DB6-092E-4068-AB32-F715A1E13CDE}.Release x64|Any CPU.Build.0 = Release x64|Any CPU
		{8D4A9DB6-092E-4068-AB32-F715A1E13CDE}.Release x64|Mixed Platforms.ActiveCfg = Release x64|Any CPU
		{8D4A9DB6-092E-4068-AB32-F715A1E13CDE}.Release x64|Mixed Platforms.Build.0 = Release x64|Any CPU
		{8D4A9DB6-092E-4068-AB32-F715A1E13CDE}.Release x64|x64.ActiveCfg = Release x64|x64
		{8D4A9DB6-092E-4068-AB32-F715A1E13CDE}.Release x64|x64.Build.0 = Release x64|x64
		{8D4A9DB6-092E-4068-AB32-F715A1E13CDE}.Release x64|x86.ActiveCfg = Release x64|Any CPU
		{8D4A9DB6-092E-4068-AB32-F715A1E13CDE}.Release|Any CPU.ActiveCfg = Release|Any CPU
		{8D4A9DB6-092E-4068-AB32-F715A1E13CDE}.Release|Any CPU.Build.0 = Release|Any CPU
		{8D4A9DB6-092E-4068-AB32-F715A1E13CDE}.Release|Mixed Platforms.ActiveCfg = Release|Any CPU
		{8D4A9DB6-092E-4068-AB32-F715A1E13CDE}.Release|Mixed Platforms.Build.0 = Release|Any CPU
		{8D4A9DB6-092E-4068-AB32-F715A1E13CDE}.Release|x64.ActiveCfg = Release|Any CPU
		{8D4A9DB6-092E-4068-AB32-F715A1E13CDE}.Release|x64.Build.0 = Release|Any CPU
		{8D4A9DB6-092E-4068-AB32-F715A1E13CDE}.Release|x86.ActiveCfg = Release|Any CPU
		{8D4A9DB6-092E-4068-AB32-F715A1E13CDE}.Release|x86.Build.0 = Release|Any CPU
		{3A7174F3-137B-4DD8-B9B3-34C9835314BF}.Debug|Any CPU.ActiveCfg = Debug|Any CPU
		{3A7174F3-137B-4DD8-B9B3-34C9835314BF}.Debug|Any CPU.Build.0 = Debug|Any CPU
		{3A7174F3-137B-4DD8-B9B3-34C9835314BF}.Debug|Mixed Platforms.ActiveCfg = Debug|Any CPU
		{3A7174F3-137B-4DD8-B9B3-34C9835314BF}.Debug|Mixed Platforms.Build.0 = Debug|Any CPU
		{3A7174F3-137B-4DD8-B9B3-34C9835314BF}.Debug|x64.ActiveCfg = Debug|Any CPU
		{3A7174F3-137B-4DD8-B9B3-34C9835314BF}.Debug|x64.Build.0 = Debug|Any CPU
		{3A7174F3-137B-4DD8-B9B3-34C9835314BF}.Debug|x86.ActiveCfg = Debug|Any CPU
		{3A7174F3-137B-4DD8-B9B3-34C9835314BF}.Debug|x86.Build.0 = Debug|Any CPU
		{3A7174F3-137B-4DD8-B9B3-34C9835314BF}.Release x64|Any CPU.ActiveCfg = Release x64|Any CPU
		{3A7174F3-137B-4DD8-B9B3-34C9835314BF}.Release x64|Any CPU.Build.0 = Release x64|Any CPU
		{3A7174F3-137B-4DD8-B9B3-34C9835314BF}.Release x64|Mixed Platforms.ActiveCfg = Release x64|Any CPU
		{3A7174F3-137B-4DD8-B9B3-34C9835314BF}.Release x64|Mixed Platforms.Build.0 = Release x64|Any CPU
		{3A7174F3-137B-4DD8-B9B3-34C9835314BF}.Release x64|x64.ActiveCfg = Release x64|x64
		{3A7174F3-137B-4DD8-B9B3-34C9835314BF}.Release x64|x64.Build.0 = Release x64|x64
		{3A7174F3-137B-4DD8-B9B3-34C9835314BF}.Release x64|x86.ActiveCfg = Release x64|Any CPU
		{3A7174F3-137B-4DD8-B9B3-34C9835314BF}.Release|Any CPU.ActiveCfg = Release|Any CPU
		{3A7174F3-137B-4DD8-B9B3-34C9835314BF}.Release|Any CPU.Build.0 = Release|Any CPU
		{3A7174F3-137B-4DD8-B9B3-34C9835314BF}.Release|Mixed Platforms.ActiveCfg = Release|Any CPU
		{3A7174F3-137B-4DD8-B9B3-34C9835314BF}.Release|Mixed Platforms.Build.0 = Release|Any CPU
		{3A7174F3-137B-4DD8-B9B3-34C9835314BF}.Release|x64.ActiveCfg = Release|Any CPU
		{3A7174F3-137B-4DD8-B9B3-34C9835314BF}.Release|x64.Build.0 = Release|Any CPU
		{3A7174F3-137B-4DD8-B9B3-34C9835314BF}.Release|x86.ActiveCfg = Release|Any CPU
		{3A7174F3-137B-4DD8-B9B3-34C9835314BF}.Release|x86.Build.0 = Release|Any CPU
		{11E4F401-311B-48DD-BE84-390F9D25BA64}.Debug|Any CPU.ActiveCfg = Debug|x86
		{11E4F401-311B-48DD-BE84-390F9D25BA64}.Debug|Mixed Platforms.ActiveCfg = Debug|x86
		{11E4F401-311B-48DD-BE84-390F9D25BA64}.Debug|Mixed Platforms.Build.0 = Debug|x86
		{11E4F401-311B-48DD-BE84-390F9D25BA64}.Debug|x64.ActiveCfg = Debug|x86
		{11E4F401-311B-48DD-BE84-390F9D25BA64}.Debug|x64.Build.0 = Debug|x86
		{11E4F401-311B-48DD-BE84-390F9D25BA64}.Debug|x86.ActiveCfg = Debug|x86
		{11E4F401-311B-48DD-BE84-390F9D25BA64}.Debug|x86.Build.0 = Debug|x86
		{11E4F401-311B-48DD-BE84-390F9D25BA64}.Release x64|Any CPU.ActiveCfg = Release x64|x86
		{11E4F401-311B-48DD-BE84-390F9D25BA64}.Release x64|Mixed Platforms.ActiveCfg = Release x64|x86
		{11E4F401-311B-48DD-BE84-390F9D25BA64}.Release x64|Mixed Platforms.Build.0 = Release x64|x86
		{11E4F401-311B-48DD-BE84-390F9D25BA64}.Release x64|x64.ActiveCfg = Release x64|x86
		{11E4F401-311B-48DD-BE84-390F9D25BA64}.Release x64|x64.Build.0 = Release x64|x86
		{11E4F401-311B-48DD-BE84-390F9D25BA64}.Release x64|x86.ActiveCfg = Release x64|x86
		{11E4F401-311B-48DD-BE84-390F9D25BA64}.Release x64|x86.Build.0 = Release x64|x86
		{11E4F401-311B-48DD-BE84-390F9D25BA64}.Release|Any CPU.ActiveCfg = Release|x86
		{11E4F401-311B-48DD-BE84-390F9D25BA64}.Release|Mixed Platforms.ActiveCfg = Release|x86
		{11E4F401-311B-48DD-BE84-390F9D25BA64}.Release|Mixed Platforms.Build.0 = Release|x86
		{11E4F401-311B-48DD-BE84-390F9D25BA64}.Release|x64.ActiveCfg = Release|x86
		{11E4F401-311B-48DD-BE84-390F9D25BA64}.Release|x64.Build.0 = Release|x86
		{11E4F401-311B-48DD-BE84-390F9D25BA64}.Release|x86.ActiveCfg = Release|x86
		{11E4F401-311B-48DD-BE84-390F9D25BA64}.Release|x86.Build.0 = Release|x86
		{CA45188F-3174-43D7-AE17-43A7EB01D4B2}.Debug|Any CPU.ActiveCfg = Debug|x86
		{CA45188F-3174-43D7-AE17-43A7EB01D4B2}.Debug|Mixed Platforms.ActiveCfg = Debug|x86
		{CA45188F-3174-43D7-AE17-43A7EB01D4B2}.Debug|x64.ActiveCfg = Debug|x86
		{CA45188F-3174-43D7-AE17-43A7EB01D4B2}.Debug|x86.ActiveCfg = Debug|x86
		{CA45188F-3174-43D7-AE17-43A7EB01D4B2}.Release x64|Any CPU.ActiveCfg = Release|x86
		{CA45188F-3174-43D7-AE17-43A7EB01D4B2}.Release x64|Mixed Platforms.ActiveCfg = Release|x86
		{CA45188F-3174-43D7-AE17-43A7EB01D4B2}.Release x64|x64.ActiveCfg = Release|x86
		{CA45188F-3174-43D7-AE17-43A7EB01D4B2}.Release x64|x86.ActiveCfg = Release|x86
		{CA45188F-3174-43D7-AE17-43A7EB01D4B2}.Release|Any CPU.ActiveCfg = Release|x86
		{CA45188F-3174-43D7-AE17-43A7EB01D4B2}.Release|Mixed Platforms.ActiveCfg = Release|x86
		{CA45188F-3174-43D7-AE17-43A7EB01D4B2}.Release|x64.ActiveCfg = Release|x86
		{CA45188F-3174-43D7-AE17-43A7EB01D4B2}.Release|x86.ActiveCfg = Release|x86
	EndGlobalSection
	GlobalSection(SolutionProperties) = preSolution
		HideSolutionNode = FALSE
	EndGlobalSection
	GlobalSection(ExtensibilityGlobals) = postSolution
		VisualSVNWorkingCopyRoot = .
	EndGlobalSection
EndGlobal
